
Microsoft Visual Studio Solution File, Format Version 12.00
# Visual Studio Version 16
VisualStudioVersion = 16.0.29102.190
MinimumVisualStudioVersion = 10.0.40219.1
Project("{FAE04EC0-301F-11D3-BF4B-00C04F79EFBC}") = "WebApplication1", "WebApplication1\WebApplication1.csproj", "{F4F6AFF6-E64F-49D1-A6CD-C902A525A848}"
EndProject
Global
	GlobalSection(SolutionConfigurationPlatforms) = preSolution
		Debug|Any CPU = Debug|Any CPU
		Release|Any CPU = Release|Any CPU
	EndGlobalSection
	GlobalSection(ProjectConfigurationPlatforms) = postSolution
		{F4F6AFF6-E64F-49D1-A6CD-C902A525A848}.Debug|Any CPU.ActiveCfg = Debug|Any CPU
		{F4F6AFF6-E64F-49D1-A6CD-C902A525A848}.Debug|Any CPU.Build.0 = Debug|Any CPU
		{F4F6AFF6-E64F-49D1-A6CD-C902A525A848}.Release|Any CPU.ActiveCfg = Release|Any CPU
		{F4F6AFF6-E64F-49D1-A6CD-C902A525A848}.Release|Any CPU.Build.0 = Release|Any CPU
	EndGlobalSection
	GlobalSection(SolutionProperties) = preSolution
		HideSolutionNode = FALSE
	EndGlobalSection
	GlobalSection(ExtensibilityGlobals) = postSolution
		SolutionGuid = {BCD4AD0C-3BFB-4927-A206-8C5F039DFA11}
	EndGlobalSection
EndGlobal
